
Microsoft Visual Studio Solution File, Format Version 12.00
# Visual Studio Version 16
VisualStudioVersion = 16.0.31605.320
MinimumVisualStudioVersion = 10.0.40219.1
Project("{FAE04EC0-301F-11D3-BF4B-00C04F79EFBC}") = "teste memory", "teste memory\teste memory.csproj", "{6CB2C81E-E950-4539-8C6B-91717BC5FCFB}"
EndProject
Global
	GlobalSection(SolutionConfigurationPlatforms) = preSolution
		Debug|Any CPU = Debug|Any CPU
		Release|Any CPU = Release|Any CPU
	EndGlobalSection
	GlobalSection(ProjectConfigurationPlatforms) = postSolution
		{6CB2C81E-E950-4539-8C6B-91717BC5FCFB}.Debug|Any CPU.ActiveCfg = Debug|Any CPU
		{6CB2C81E-E950-4539-8C6B-91717BC5FCFB}.Debug|Any CPU.Build.0 = Debug|Any CPU
		{6CB2C81E-E950-4539-8C6B-91717BC5FCFB}.Release|Any CPU.ActiveCfg = Release|Any CPU
		{6CB2C81E-E950-4539-8C6B-91717BC5FCFB}.Release|Any CPU.Build.0 = Release|Any CPU
	EndGlobalSection
	GlobalSection(SolutionProperties) = preSolution
		HideSolutionNode = FALSE
	EndGlobalSection
	GlobalSection(ExtensibilityGlobals) = postSolution
		SolutionGuid = {3902DF70-FBD5-4546-A849-A3491AB3E835}
	EndGlobalSection
EndGlobal
